
Microsoft Visual Studio Solution File, Format Version 12.00
# Visual Studio Version 16
VisualStudioVersion = 16.0.29123.88
MinimumVisualStudioVersion = 10.0.40219.1
Project("{FAE04EC0-301F-11D3-BF4B-00C04F79EFBC}") = "Aula119", "Aula119\Aula119.csproj", "{FD1EF6A2-6AD7-4EDE-977B-F044BD4EA592}"
EndProject
Global
	GlobalSection(SolutionConfigurationPlatforms) = preSolution
		Debug|Any CPU = Debug|Any CPU
		Release|Any CPU = Release|Any CPU
	EndGlobalSection
	GlobalSection(ProjectConfigurationPlatforms) = postSolution
		{FD1EF6A2-6AD7-4EDE-977B-F044BD4EA592}.Debug|Any CPU.ActiveCfg = Debug|Any CPU
		{FD1EF6A2-6AD7-4EDE-977B-F044BD4EA592}.Debug|Any CPU.Build.0 = Debug|Any CPU
		{FD1EF6A2-6AD7-4EDE-977B-F044BD4EA592}.Release|Any CPU.ActiveCfg = Release|Any CPU
		{FD1EF6A2-6AD7-4EDE-977B-F044BD4EA592}.Release|Any CPU.Build.0 = Release|Any CPU
	EndGlobalSection
	GlobalSection(SolutionProperties) = preSolution
		HideSolutionNode = FALSE
	EndGlobalSection
	GlobalSection(ExtensibilityGlobals) = postSolution
		SolutionGuid = {D60E7A30-2678-4A0B-98A5-DA6F011BB213}
	EndGlobalSection
EndGlobal
