
Microsoft Visual Studio Solution File, Format Version 12.00
# Visual Studio 14
VisualStudioVersion = 14.0.25420.1
MinimumVisualStudioVersion = 10.0.40219.1
Project("{FAE04EC0-301F-11D3-BF4B-00C04F79EFBC}") = "Aula30", "Aula30\Aula30.csproj", "{CAAB1A78-4FB7-405C-9840-6510E8B626BA}"
EndProject
Global
	GlobalSection(SolutionConfigurationPlatforms) = preSolution
		Debug|Any CPU = Debug|Any CPU
		Release|Any CPU = Release|Any CPU
	EndGlobalSection
	GlobalSection(ProjectConfigurationPlatforms) = postSolution
		{CAAB1A78-4FB7-405C-9840-6510E8B626BA}.Debug|Any CPU.ActiveCfg = Debug|Any CPU
		{CAAB1A78-4FB7-405C-9840-6510E8B626BA}.Debug|Any CPU.Build.0 = Debug|Any CPU
		{CAAB1A78-4FB7-405C-9840-6510E8B626BA}.Release|Any CPU.ActiveCfg = Release|Any CPU
		{CAAB1A78-4FB7-405C-9840-6510E8B626BA}.Release|Any CPU.Build.0 = Release|Any CPU
	EndGlobalSection
	GlobalSection(SolutionProperties) = preSolution
		HideSolutionNode = FALSE
	EndGlobalSection
EndGlobal
