
Microsoft Visual Studio Solution File, Format Version 12.00
# Visual Studio Version 16
VisualStudioVersion = 16.0.29306.81
MinimumVisualStudioVersion = 10.0.40219.1
Project("{FAE04EC0-301F-11D3-BF4B-00C04F79EFBC}") = "Aula197", "Aula197\Aula197.csproj", "{1554389A-9A01-4920-ACBF-A2786E95302E}"
EndProject
Global
	GlobalSection(SolutionConfigurationPlatforms) = preSolution
		Debug|Any CPU = Debug|Any CPU
		Release|Any CPU = Release|Any CPU
	EndGlobalSection
	GlobalSection(ProjectConfigurationPlatforms) = postSolution
		{1554389A-9A01-4920-ACBF-A2786E95302E}.Debug|Any CPU.ActiveCfg = Debug|Any CPU
		{1554389A-9A01-4920-ACBF-A2786E95302E}.Debug|Any CPU.Build.0 = Debug|Any CPU
		{1554389A-9A01-4920-ACBF-A2786E95302E}.Release|Any CPU.ActiveCfg = Release|Any CPU
		{1554389A-9A01-4920-ACBF-A2786E95302E}.Release|Any CPU.Build.0 = Release|Any CPU
	EndGlobalSection
	GlobalSection(SolutionProperties) = preSolution
		HideSolutionNode = FALSE
	EndGlobalSection
	GlobalSection(ExtensibilityGlobals) = postSolution
		SolutionGuid = {DC887015-8D5D-4FA7-9282-778C7BC7E1EA}
	EndGlobalSection
EndGlobal
