
Microsoft Visual Studio Solution File, Format Version 12.00
# Visual Studio 14
VisualStudioVersion = 14.0.25420.1
MinimumVisualStudioVersion = 10.0.40219.1
Project("{FAE04EC0-301F-11D3-BF4B-00C04F79EFBC}") = "Aula127", "Aula127\Aula127.csproj", "{347277DA-2DDC-4B2A-B4DB-8C69268B7BB5}"
EndProject
Global
	GlobalSection(SolutionConfigurationPlatforms) = preSolution
		Debug|Any CPU = Debug|Any CPU
		Release|Any CPU = Release|Any CPU
	EndGlobalSection
	GlobalSection(ProjectConfigurationPlatforms) = postSolution
		{347277DA-2DDC-4B2A-B4DB-8C69268B7BB5}.Debug|Any CPU.ActiveCfg = Debug|Any CPU
		{347277DA-2DDC-4B2A-B4DB-8C69268B7BB5}.Debug|Any CPU.Build.0 = Debug|Any CPU
		{347277DA-2DDC-4B2A-B4DB-8C69268B7BB5}.Release|Any CPU.ActiveCfg = Release|Any CPU
		{347277DA-2DDC-4B2A-B4DB-8C69268B7BB5}.Release|Any CPU.Build.0 = Release|Any CPU
	EndGlobalSection
	GlobalSection(SolutionProperties) = preSolution
		HideSolutionNode = FALSE
	EndGlobalSection
EndGlobal
